
Microsoft Visual Studio Solution File, Format Version 12.00
# Visual Studio 15
VisualStudioVersion = 15.0.27428.2002
MinimumVisualStudioVersion = 10.0.40219.1
Project("{FAE04EC0-301F-11D3-BF4B-00C04F79EFBC}") = "Rawdata2", "Rawdata2\Rawdata2.csproj", "{49CCF674-6233-4324-A2D0-17F1A315894E}"
EndProject
Global
	GlobalSection(SolutionConfigurationPlatforms) = preSolution
		Debug|Any CPU = Debug|Any CPU
		Release|Any CPU = Release|Any CPU
	EndGlobalSection
	GlobalSection(ProjectConfigurationPlatforms) = postSolution
		{49CCF674-6233-4324-A2D0-17F1A315894E}.Debug|Any CPU.ActiveCfg = Debug|Any CPU
		{49CCF674-6233-4324-A2D0-17F1A315894E}.Debug|Any CPU.Build.0 = Debug|Any CPU
		{49CCF674-6233-4324-A2D0-17F1A315894E}.Release|Any CPU.ActiveCfg = Release|Any CPU
		{49CCF674-6233-4324-A2D0-17F1A315894E}.Release|Any CPU.Build.0 = Release|Any CPU
	EndGlobalSection
	GlobalSection(SolutionProperties) = preSolution
		HideSolutionNode = FALSE
	EndGlobalSection
	GlobalSection(ExtensibilityGlobals) = postSolution
		SolutionGuid = {1FEC1BAF-5640-4E82-B0BA-D819240FAF2D}
	EndGlobalSection
EndGlobal
