
Microsoft Visual Studio Solution File, Format Version 12.00
# Visual Studio 15
VisualStudioVersion = 15.0.27428.2002
MinimumVisualStudioVersion = 10.0.40219.1
Project("{9A19103F-16F7-4668-BE54-9A1E7A4F7556}") = "EchoServer", "Rawdata2\EchoServer.csproj", "{C24E8EE7-C1B5-4951-8CA6-57F3C9DE25F6}"
EndProject
Project("{FAE04EC0-301F-11D3-BF4B-00C04F79EFBC}") = "Assignmnet3Tests", "Assignmnet3Tests\Assignmnet3Tests.csproj", "{20E161F4-DBBC-41CF-B6ED-ECE07357EE4F}"
EndProject
Project("{FAE04EC0-301F-11D3-BF4B-00C04F79EFBC}") = "EchoClient", "EchoClien\EchoClient.csproj", "{E5393620-EC48-4C3F-8FE1-DE1BC963306D}"
EndProject
Project("{FAE04EC0-301F-11D3-BF4B-00C04F79EFBC}") = "DomainModel", "DomainModel\DomainModel.csproj", "{F1257AE6-99F6-402F-B2B9-4B85917255B9}"
EndProject
Global
	GlobalSection(SolutionConfigurationPlatforms) = preSolution
		Debug|Any CPU = Debug|Any CPU
		Release|Any CPU = Release|Any CPU
	EndGlobalSection
	GlobalSection(ProjectConfigurationPlatforms) = postSolution
		{C24E8EE7-C1B5-4951-8CA6-57F3C9DE25F6}.Debug|Any CPU.ActiveCfg = Debug|Any CPU
		{C24E8EE7-C1B5-4951-8CA6-57F3C9DE25F6}.Debug|Any CPU.Build.0 = Debug|Any CPU
		{C24E8EE7-C1B5-4951-8CA6-57F3C9DE25F6}.Release|Any CPU.ActiveCfg = Release|Any CPU
		{C24E8EE7-C1B5-4951-8CA6-57F3C9DE25F6}.Release|Any CPU.Build.0 = Release|Any CPU
		{20E161F4-DBBC-41CF-B6ED-ECE07357EE4F}.Debug|Any CPU.ActiveCfg = Debug|Any CPU
		{20E161F4-DBBC-41CF-B6ED-ECE07357EE4F}.Debug|Any CPU.Build.0 = Debug|Any CPU
		{20E161F4-DBBC-41CF-B6ED-ECE07357EE4F}.Release|Any CPU.ActiveCfg = Release|Any CPU
		{20E161F4-DBBC-41CF-B6ED-ECE07357EE4F}.Release|Any CPU.Build.0 = Release|Any CPU
		{E5393620-EC48-4C3F-8FE1-DE1BC963306D}.Debug|Any CPU.ActiveCfg = Debug|Any CPU
		{E5393620-EC48-4C3F-8FE1-DE1BC963306D}.Debug|Any CPU.Build.0 = Debug|Any CPU
		{E5393620-EC48-4C3F-8FE1-DE1BC963306D}.Release|Any CPU.ActiveCfg = Release|Any CPU
		{E5393620-EC48-4C3F-8FE1-DE1BC963306D}.Release|Any CPU.Build.0 = Release|Any CPU
		{F1257AE6-99F6-402F-B2B9-4B85917255B9}.Debug|Any CPU.ActiveCfg = Debug|Any CPU
		{F1257AE6-99F6-402F-B2B9-4B85917255B9}.Debug|Any CPU.Build.0 = Debug|Any CPU
		{F1257AE6-99F6-402F-B2B9-4B85917255B9}.Release|Any CPU.ActiveCfg = Release|Any CPU
		{F1257AE6-99F6-402F-B2B9-4B85917255B9}.Release|Any CPU.Build.0 = Release|Any CPU
	EndGlobalSection
	GlobalSection(SolutionProperties) = preSolution
		HideSolutionNode = FALSE
	EndGlobalSection
	GlobalSection(ExtensibilityGlobals) = postSolution
		SolutionGuid = {1FEC1BAF-5640-4E82-B0BA-D819240FAF2D}
	EndGlobalSection
EndGlobal
